
Microsoft Visual Studio Solution File, Format Version 12.00
# Visual Studio Version 17
VisualStudioVersion = 17.9.34723.18
MinimumVisualStudioVersion = 10.0.40219.1
Project("{FAE04EC0-301F-11D3-BF4B-00C04F79EFBC}") = "ListaDeContatosGOD-VS", "ListaDeContatosGOD-VS.csproj", "{1294C452-53B1-4B7A-B5C7-C4F1C60C83DB}"
EndProject
Global
	GlobalSection(SolutionConfigurationPlatforms) = preSolution
		Debug|Any CPU = Debug|Any CPU
		Release|Any CPU = Release|Any CPU
	EndGlobalSection
	GlobalSection(ProjectConfigurationPlatforms) = postSolution
		{1294C452-53B1-4B7A-B5C7-C4F1C60C83DB}.Debug|Any CPU.ActiveCfg = Debug|Any CPU
		{1294C452-53B1-4B7A-B5C7-C4F1C60C83DB}.Debug|Any CPU.Build.0 = Debug|Any CPU
		{1294C452-53B1-4B7A-B5C7-C4F1C60C83DB}.Release|Any CPU.ActiveCfg = Release|Any CPU
		{1294C452-53B1-4B7A-B5C7-C4F1C60C83DB}.Release|Any CPU.Build.0 = Release|Any CPU
	EndGlobalSection
	GlobalSection(SolutionProperties) = preSolution
		HideSolutionNode = FALSE
	EndGlobalSection
	GlobalSection(ExtensibilityGlobals) = postSolution
		SolutionGuid = {3778735E-3DF4-428D-8D40-65F971C43277}
	EndGlobalSection
EndGlobal
